# This file is autogenerated, do not edit; changes may be undone by the next 'dep ensure'.


[[projects]]
  branch = "master"
  digest = "1:d1a104572273cfb58e801812704dca4fe2eab80f3b0144592a722a76c280c598"
  name = "code.cloudfoundry.org/bytefmt"
  packages = ["."]
  pruneopts = "UT"
  revision = "2aa6f33b730c79971cfc3c742f279195b0abc627"

[[projects]]
  digest = "1:947297f096e676c1e0bc8108002f321e4f85fa272bdf520b0f38500bf1d2e493"
  name = "github.com/BurntSushi/toml"
  packages = ["."]
  pruneopts = "UT"
  revision = "443a628bc233f634a75bcbdd71fe5350789f1afa"

[[projects]]
  digest = "1:0ece32a842a45fb5b3d1a384ec935158de5707297dfe9a27eea5eb962cade430"
  name = "github.com/armon/consul-api"
  packages = ["."]
  pruneopts = "UT"
  revision = "dcfedd50ed5334f96adee43fc88518a4f095e15c"

[[projects]]
  digest = "1:e16d895c10c1123f97fe6d4195382a8cac9ac0eaa822ff0804cd0db439644af6"
  name = "github.com/coreos/etcd"
  packages = [
    "etcdserver/etcdhttp/httptypes",
    "pkg/types",
  ]
  pruneopts = "UT"
  revision = "7e7bc76038300b7dfed39d2ddc5edaab3af0da5a"

[[projects]]
  digest = "1:30d7a32aa97d2d254f9dc96dd7c229ab598cf6287dc6fac47344b4cb68324382"
  name = "github.com/coreos/go-etcd"
  packages = ["etcd"]
  pruneopts = "UT"
  revision = "60e12cac3db8ffce00b576b4af0e7b0a968f1003"

[[projects]]
  digest = "1:236d7e1bdb50d8f68559af37dbcf9d142d56b431c9b2176d41e2a009b664cda8"
  name = "github.com/google/uuid"
  packages = ["."]
  pruneopts = "UT"
  revision = "9b3b1e0f5f99ae461456d768e7d301a7acdaa2d8"
  version = "v1.1.0"

[[projects]]
  digest = "1:045300d96eca8646d57c4a039de9b47694ef328612f69ef0ade22a97a670a8d8"
  name = "github.com/kr/pretty"
  packages = ["."]
  pruneopts = "UT"
  revision = "cb0850c1681cbca3233e84f7e6ec3e4c3f352085"

[[projects]]
  digest = "1:d4bbde644279dffa75fee557d93d7ee04e6e65de3b3c69b72271dbfe148371d1"
  name = "github.com/kr/text"
  packages = ["."]
  pruneopts = "UT"
  revision = "6807e777504f54ad073ecef66747de158294b639"

[[projects]]
  branch = "master"
  digest = "1:70b439df7f1a4730e3865dabc7c0c4308fbd5dd97536abb8fa21a3194cb6964e"
  name = "github.com/mitchellh/goamz"
  packages = [
    "aws",
    "s3",
    "s3/s3test",
  ]
  pruneopts = "UT"
  revision = "caaaea8b30ee15616494ee68abd5d8ebbbef05cf"

[[projects]]
  digest = "1:f2bf19f64e9b1bcf776959630f536c8770eed86f0ccd1d9da707a4bf3eda94b0"
  name = "github.com/mitchellh/mapstructure"
  packages = ["."]
  pruneopts = "UT"
  revision = "442e588f213303bec7936deba67901f8fc8f18b1"

[[projects]]
  digest = "1:9dc4283600869eb850f3c655772f69657129a46ba76a3159f876bdf0a3d47dd6"
  name = "github.com/onsi/ginkgo"
  packages = [
    ".",
    "config",
    "internal/codelocation",
    "internal/containernode",
    "internal/failer",
    "internal/leafnodes",
    "internal/remote",
    "internal/spec",
    "internal/specrunner",
    "internal/suite",
    "internal/testingtproxy",
    "internal/writer",
    "reporters",
    "reporters/stenographer",
    "types",
  ]
  pruneopts = "UT"
  revision = "75d0cd9c7ee52e99b13e6ccfd9e58b4f92b7795e"

[[projects]]
  digest = "1:df691ba3c395d77a0be5d2579cbd6e1db59e0a1cb453ea205072719e60d8b319"
  name = "github.com/onsi/gomega"
  packages = [
    ".",
    "format",
    "gbytes",
    "gexec",
    "internal/assertion",
    "internal/asyncassertion",
    "internal/testingtsupport",
    "matchers",
    "matchers/support/goraph/bipartitegraph",
    "matchers/support/goraph/edge",
    "matchers/support/goraph/node",
    "matchers/support/goraph/util",
    "types",
  ]
  pruneopts = "UT"
  revision = "0251f51e656d4db8980bdd6b15596abb27fdfe87"

[[projects]]
  digest = "1:e46c416405085bf18f21a2cbdea403b72302226afbfa0cc673cc39c3e7706a2c"
  name = "github.com/spf13/cast"
  packages = ["."]
  pruneopts = "UT"
  revision = "2c4fdb5416dd394ff5e61fcdb8eb4f09e46a2ed8"

[[projects]]
  digest = "1:ed91be2cddc988febeeae9a1b1b57c94fca89e2eb712c0550d2a4add5ec8d1db"
  name = "github.com/spf13/cobra"
  packages = ["."]
  pruneopts = "UT"
  revision = "384c059f4b9ff2d5541341b2b03cc435c9f278e4"

[[projects]]
  digest = "1:c53a1d875e8cab85a5c5f75a4ed06924300108aa413d5802b07c9ac657a63d4a"
  name = "github.com/spf13/jwalterweatherman"
  packages = ["."]
  pruneopts = "UT"
  revision = "3d60171a64319ef63c78bd45bd60e6eab1e75f8b"

[[projects]]
  digest = "1:2eaf02d3c0ff3693b39d59bf5c5298736d0abab84a9480bde716d7baa4063e30"
  name = "github.com/spf13/pflag"
  packages = ["."]
  pruneopts = "UT"
  revision = "11b7cf8387a31f278486eaad758162830eca8c73"

[[projects]]
  digest = "1:4f576966d6971306805a0431cb286aee9d0332e1ae6ce6711d9e143f9069add3"
  name = "github.com/spf13/viper"
  packages = ["."]
  pruneopts = "UT"
  revision = "2e2f3b26431fe06fe321136268380b898f3d855b"

[[projects]]
  branch = "master"
  digest = "1:8f70510b21fd07eba5bd4e0f84d49d932ea74c8b0ea20a5807e9492cc819928c"
  name = "github.com/vaughan0/go-ini"
  packages = ["."]
  pruneopts = "UT"
  revision = "a98ad7ee00ec53921f08832bc06ecf7fd600e6a1"

[[projects]]
  digest = "1:a21ca070562f2ac40b30baf02b744ea0c8e4c5c08bd043a04a581f76f3ad0070"
  name = "github.com/xordataexchange/crypt"
  packages = [
    "backend",
    "backend/consul",
    "backend/etcd",
    "config",
    "encoding/secconf",
  ]
  pruneopts = "UT"
  revision = "0499a3c94698e44032bd5fab8ba6f45672406678"

[[projects]]
  digest = "1:df099247dda0542377d58b2a19bea3ad9b5e2f671dab825352d926362e6a600e"
  name = "golang.org/x/crypto"
  packages = [
    "cast5",
    "openpgp",
    "openpgp/armor",
    "openpgp/elgamal",
    "openpgp/errors",
    "openpgp/packet",
    "openpgp/s2k",
  ]
  pruneopts = "UT"
  revision = "1351f936d976c60a0a48d728281922cf63eafb8d"

[[projects]]
  digest = "1:02ed1fe3192e0b0e4ae8567b88832857fdc3b5bda5e003bce1e8f88acfd85255"
  name = "gopkg.in/yaml.v2"
  packages = ["."]
  pruneopts = "UT"
  revision = "eca94c41d994ae2215d455ce578ae6e2dc6ee516"

[solve-meta]
  analyzer-name = "dep"
  analyzer-version = 1
  input-imports = [
    "code.cloudfoundry.org/bytefmt",
    "github.com/google/uuid",
    "github.com/mitchellh/goamz/aws",
    "github.com/mitchellh/goamz/s3",
    "github.com/mitchellh/goamz/s3/s3test",
    "github.com/onsi/ginkgo",
    "github.com/onsi/gomega",
    "github.com/onsi/gomega/gexec",
    "github.com/spf13/cobra",
    "github.com/spf13/viper",
  ]
  solver-name = "gps-cdcl"
  solver-version = 1
